
Microsoft Visual Studio Solution File, Format Version 12.00
# Visual Studio Version 17
VisualStudioVersion = 17.9.34728.123
MinimumVisualStudioVersion = 10.0.40219.1
Project("{FAE04EC0-301F-11D3-BF4B-00C04F79EFBC}") = "PlaypalEdit", "PlaypalEdit.csproj", "{DE47A1D8-FFBE-40AD-BE36-AF484956B8C3}"
EndProject
Global
	GlobalSection(SolutionConfigurationPlatforms) = preSolution
		Debug|Any CPU = Debug|Any CPU
		Release|Any CPU = Release|Any CPU
	EndGlobalSection
	GlobalSection(ProjectConfigurationPlatforms) = postSolution
		{DE47A1D8-FFBE-40AD-BE36-AF484956B8C3}.Debug|Any CPU.ActiveCfg = Debug|Any CPU
		{DE47A1D8-FFBE-40AD-BE36-AF484956B8C3}.Debug|Any CPU.Build.0 = Debug|Any CPU
		{DE47A1D8-FFBE-40AD-BE36-AF484956B8C3}.Release|Any CPU.ActiveCfg = Release|Any CPU
		{DE47A1D8-FFBE-40AD-BE36-AF484956B8C3}.Release|Any CPU.Build.0 = Release|Any CPU
	EndGlobalSection
	GlobalSection(SolutionProperties) = preSolution
		HideSolutionNode = FALSE
	EndGlobalSection
	GlobalSection(ExtensibilityGlobals) = postSolution
		SolutionGuid = {3D4134A0-D741-4DF1-B855-E4D3320DD614}
	EndGlobalSection
EndGlobal
